%{
  "apex": {:hex, :apex, "1.0.0", "abf230314d35ca4c48a902f693247f190ad42fc14862b9c4f7dbb7077b21c20a", [:mix], [], "hexpm", "64bc3f7e3a9f528b188650d5e975be9427c681000ea0174dbb8e284f02d04de1"},
  "certifi": {:hex, :certifi, "2.5.3", "70bdd7e7188c804f3a30ee0e7c99655bc35d8ac41c23e12325f36ab449b70651", [:rebar3], [{:parse_trans, "~>3.3", [hex: :parse_trans, repo: "hexpm", optional: false]}], "hexpm", "ed516acb3929b101208a9d700062d520f3953da3b6b918d866106ffa980e1c10"},
  "cowboy": {:hex, :cowboy, "2.8.0", "f3dc62e35797ecd9ac1b50db74611193c29815401e53bac9a5c0577bd7bc667d", [:rebar3], [{:cowlib, "~> 2.9.1", [hex: :cowlib, repo: "hexpm", optional: false]}, {:ranch, "~> 1.7.1", [hex: :ranch, repo: "hexpm", optional: false]}], "hexpm", "4643e4fba74ac96d4d152c75803de6fad0b3fa5df354c71afdd6cbeeb15fac8a"},
  "cowboy_telemetry": {:hex, :cowboy_telemetry, "0.3.1", "ebd1a1d7aff97f27c66654e78ece187abdc646992714164380d8a041eda16754", [:rebar3], [{:cowboy, "~> 2.7", [hex: :cowboy, repo: "hexpm", optional: false]}, {:telemetry, "~> 0.4", [hex: :telemetry, repo: "hexpm", optional: false]}], "hexpm", "3a6efd3366130eab84ca372cbd4a7d3c3a97bdfcfb4911233b035d117063f0af"},
  "cowlib": {:hex, :cowlib, "2.9.1", "61a6c7c50cf07fdd24b2f45b89500bb93b6686579b069a89f88cb211e1125c78", [:rebar3], [], "hexpm", "e4175dc240a70d996156160891e1c62238ede1729e45740bdd38064dad476170"},
  "eikon": {:hex, :eikon, "0.0.2", "75cd1eefea6a631208e17106fdc9a487dfc4af5e3ecb9350960dbc3fdd08b2c3", [:mix], [], "hexpm", "fc624850b69504dd3f05e65ce40b4480aef70b605045f3d79d218c39c443a205"},
  "file_system": {:hex, :file_system, "0.2.10", "fb082005a9cd1711c05b5248710f8826b02d7d1784e7c3451f9c1231d4fc162d", [:mix], [], "hexpm", "41195edbfb562a593726eda3b3e8b103a309b733ad25f3d642ba49696bf715dc"},
  "floki": {:hex, :floki, "0.29.0", "b1710d8c93a2f860dc2d7adc390dd808dc2fb8f78ee562304457b75f4c640881", [:mix], [{:html_entities, "~> 0.5.0", [hex: :html_entities, repo: "hexpm", optional: false]}], "hexpm", "008585ce64b9f74c07d32958ec9866f4b8a124bf4da1e2941b28e41384edaaad"},
  "hackney": {:hex, :hackney, "1.17.0", "717ea195fd2f898d9fe9f1ce0afcc2621a41ecfe137fae57e7fe6e9484b9aa99", [:rebar3], [{:certifi, "~>2.5", [hex: :certifi, repo: "hexpm", optional: false]}, {:idna, "~>6.1.0", [hex: :idna, repo: "hexpm", optional: false]}, {:metrics, "~>1.0.0", [hex: :metrics, repo: "hexpm", optional: false]}, {:mimerl, "~>1.1", [hex: :mimerl, repo: "hexpm", optional: false]}, {:parse_trans, "~>3.3", [hex: :parse_trans, repo: "hexpm", optional: false]}, {:ssl_verify_fun, "~>1.1.0", [hex: :ssl_verify_fun, repo: "hexpm", optional: false]}, {:unicode_util_compat, "~>0.7.0", [hex: :unicode_util_compat, repo: "hexpm", optional: false]}], "hexpm", "64c22225f1ea8855f584720c0e5b3cd14095703af1c9fbc845ba042811dc671c"},
  "html_entities": {:hex, :html_entities, "0.5.1", "1c9715058b42c35a2ab65edc5b36d0ea66dd083767bef6e3edb57870ef556549", [:mix], [], "hexpm", "30efab070904eb897ff05cd52fa61c1025d7f8ef3a9ca250bc4e6513d16c32de"},
  "httpoison": {:hex, :httpoison, "1.7.0", "abba7d086233c2d8574726227b6c2c4f6e53c4deae7fe5f6de531162ce9929a0", [:mix], [{:hackney, "~> 1.16", [hex: :hackney, repo: "hexpm", optional: false]}], "hexpm", "975cc87c845a103d3d1ea1ccfd68a2700c211a434d8428b10c323dc95dc5b980"},
  "idna": {:hex, :idna, "6.1.1", "8a63070e9f7d0c62eb9d9fcb360a7de382448200fbbd1b106cc96d3d8099df8d", [:rebar3], [{:unicode_util_compat, "~>0.7.0", [hex: :unicode_util_compat, repo: "hexpm", optional: false]}], "hexpm", "92376eb7894412ed19ac475e4a86f7b413c1b9fbb5bd16dccd57934157944cea"},
  "imagineer": {:hex, :imagineer, "0.3.3", "dcb170babf9003dcb9c636c3b6c1f73cd4cee84239bd2743039cced73a4c4c02", [:mix], [{:apex, "~>1.0.0", [hex: :apex, repo: "hexpm", optional: false]}], "hexpm", "73298ba87acf9b55d745b73894cb50c865a5a1517f6a4adc0d1068f6e93e99ce"},
  "jason": {:hex, :jason, "1.2.2", "ba43e3f2709fd1aa1dce90aaabfd039d000469c05c56f0b8e31978e03fa39052", [:mix], [{:decimal, "~> 1.0 or ~> 2.0", [hex: :decimal, repo: "hexpm", optional: true]}], "hexpm", "18a228f5f0058ee183f29f9eae0805c6e59d61c3b006760668d8d18ff0d12179"},
  "metrics": {:hex, :metrics, "1.0.1", "25f094dea2cda98213cecc3aeff09e940299d950904393b2a29d191c346a8486", [:rebar3], [], "hexpm", "69b09adddc4f74a40716ae54d140f93beb0fb8978d8636eaded0c31b6f099f16"},
  "mime": {:hex, :mime, "1.5.0", "203ef35ef3389aae6d361918bf3f952fa17a09e8e43b5aa592b93eba05d0fb8d", [:mix], [], "hexpm", "55a94c0f552249fc1a3dd9cd2d3ab9de9d3c89b559c2bd01121f824834f24746"},
  "mimerl": {:hex, :mimerl, "1.2.0", "67e2d3f571088d5cfd3e550c383094b47159f3eee8ffa08e64106cdf5e981be3", [:rebar3], [], "hexpm", "f278585650aa581986264638ebf698f8bb19df297f66ad91b18910dfc6e19323"},
  "parse_trans": {:hex, :parse_trans, "3.3.0", "09765507a3c7590a784615cfd421d101aec25098d50b89d7aa1d66646bc571c1", [:rebar3], [], "hexpm", "17ef63abde837ad30680ea7f857dd9e7ced9476cdd7b0394432af4bfc241b960"},
  "phoenix": {:hex, :phoenix, "1.5.7", "2923bb3af924f184459fe4fa4b100bd25fa6468e69b2803dfae82698269aa5e0", [:mix], [{:jason, "~> 1.0", [hex: :jason, repo: "hexpm", optional: true]}, {:phoenix_html, "~> 2.13", [hex: :phoenix_html, repo: "hexpm", optional: true]}, {:phoenix_pubsub, "~> 2.0", [hex: :phoenix_pubsub, repo: "hexpm", optional: false]}, {:plug, "~> 1.10", [hex: :plug, repo: "hexpm", optional: false]}, {:plug_cowboy, "~> 1.0 or ~> 2.2", [hex: :plug_cowboy, repo: "hexpm", optional: true]}, {:plug_crypto, "~> 1.1.2 or ~> 1.2", [hex: :plug_crypto, repo: "hexpm", optional: false]}, {:telemetry, "~> 0.4", [hex: :telemetry, repo: "hexpm", optional: false]}], "hexpm", "774cd64417c5a3788414fdbb2be2eb9bcd0c048d9e6ad11a0c1fd67b7c0d0978"},
  "phoenix_html": {:hex, :phoenix_html, "2.14.3", "51f720d0d543e4e157ff06b65de38e13303d5778a7919bcc696599e5934271b8", [:mix], [{:plug, "~> 1.5", [hex: :plug, repo: "hexpm", optional: false]}], "hexpm", "efd697a7fff35a13eeeb6b43db884705cba353a1a41d127d118fda5f90c8e80f"},
  "phoenix_live_reload": {:hex, :phoenix_live_reload, "1.3.0", "f35f61c3f959c9a01b36defaa1f0624edd55b87e236b606664a556d6f72fd2e7", [:mix], [{:file_system, "~> 0.2.1 or ~> 0.3", [hex: :file_system, repo: "hexpm", optional: false]}, {:phoenix, "~> 1.4", [hex: :phoenix, repo: "hexpm", optional: false]}], "hexpm", "02c1007ae393f2b76ec61c1a869b1e617179877984678babde131d716f95b582"},
  "phoenix_live_view": {:hex, :phoenix_live_view, "0.15.1", "052ecf12c7bc19d5d4942d3a9503f23c5c6da879d71c76080f118a7935622471", [:mix], [{:jason, "~> 1.0", [hex: :jason, repo: "hexpm", optional: true]}, {:phoenix, "~> 1.5.7", [hex: :phoenix, repo: "hexpm", optional: false]}, {:phoenix_html, "~> 2.14", [hex: :phoenix_html, repo: "hexpm", optional: false]}, {:telemetry, "~> 0.4.2 or ~> 0.5", [hex: :telemetry, repo: "hexpm", optional: false]}], "hexpm", "040c285d3e22757157a2ade6995ad96816214a907d170f067686aeb1fc018439"},
  "phoenix_pubsub": {:hex, :phoenix_pubsub, "2.0.0", "a1ae76717bb168cdeb10ec9d92d1480fec99e3080f011402c0a2d68d47395ffb", [:mix], [], "hexpm", "c52d948c4f261577b9c6fa804be91884b381a7f8f18450c5045975435350f771"},
  "plug": {:hex, :plug, "1.11.0", "f17217525597628298998bc3baed9f8ea1fa3f1160aa9871aee6df47a6e4d38e", [:mix], [{:mime, "~> 1.0", [hex: :mime, repo: "hexpm", optional: false]}, {:plug_crypto, "~> 1.1.1 or ~> 1.2", [hex: :plug_crypto, repo: "hexpm", optional: false]}, {:telemetry, "~> 0.4", [hex: :telemetry, repo: "hexpm", optional: false]}], "hexpm", "2d9c633f0499f9dc5c2fd069161af4e2e7756890b81adcbb2ceaa074e8308876"},
  "plug_cowboy": {:hex, :plug_cowboy, "2.4.1", "779ba386c0915027f22e14a48919a9545714f849505fa15af2631a0d298abf0f", [:mix], [{:cowboy, "~> 2.7", [hex: :cowboy, repo: "hexpm", optional: false]}, {:cowboy_telemetry, "~> 0.3", [hex: :cowboy_telemetry, repo: "hexpm", optional: false]}, {:plug, "~> 1.7", [hex: :plug, repo: "hexpm", optional: false]}, {:telemetry, "~> 0.4", [hex: :telemetry, repo: "hexpm", optional: false]}], "hexpm", "d72113b6dff7b37a7d9b2a5b68892808e3a9a752f2bf7e503240945385b70507"},
  "plug_crypto": {:hex, :plug_crypto, "1.2.0", "1cb20793aa63a6c619dd18bb33d7a3aa94818e5fd39ad357051a67f26dfa2df6", [:mix], [], "hexpm", "a48b538ae8bf381ffac344520755f3007cc10bd8e90b240af98ea29b69683fc2"},
  "png": {:hex, :png, "0.2.1", "b25c17c8dcdc40096d46ae2d7c2777c63fede48fa8c8312cc708c88554049d3b", [:rebar3], [], "hexpm", "279345e07108c604871a21f1c91f716810ab559af2b20d6f302e0a98265ef72e"},
  "ranch": {:hex, :ranch, "1.7.1", "6b1fab51b49196860b733a49c07604465a47bdb78aa10c1c16a3d199f7f8c881", [:rebar3], [], "hexpm", "451d8527787df716d99dc36162fca05934915db0b6141bbdac2ea8d3c7afc7d7"},
  "ssl_verify_fun": {:hex, :ssl_verify_fun, "1.1.6", "cf344f5692c82d2cd7554f5ec8fd961548d4fd09e7d22f5b62482e5aeaebd4b0", [:make, :mix, :rebar3], [], "hexpm", "bdb0d2471f453c88ff3908e7686f86f9be327d065cc1ec16fa4540197ea04680"},
  "telemetry": {:hex, :telemetry, "0.4.2", "2808c992455e08d6177322f14d3bdb6b625fbcfd233a73505870d8738a2f4599", [:rebar3], [], "hexpm", "2d1419bd9dda6a206d7b5852179511722e2b18812310d304620c7bd92a13fcef"},
  "telemetry_metrics": {:hex, :telemetry_metrics, "0.6.0", "da9d49ee7e6bb1c259d36ce6539cd45ae14d81247a2b0c90edf55e2b50507f7b", [:mix], [{:telemetry, "~> 0.4", [hex: :telemetry, repo: "hexpm", optional: false]}], "hexpm", "5cfe67ad464b243835512aa44321cee91faed6ea868d7fb761d7016e02915c3d"},
  "telemetry_poller": {:hex, :telemetry_poller, "0.5.1", "21071cc2e536810bac5628b935521ff3e28f0303e770951158c73eaaa01e962a", [:rebar3], [{:telemetry, "~> 0.4", [hex: :telemetry, repo: "hexpm", optional: false]}], "hexpm", "4cab72069210bc6e7a080cec9afffad1b33370149ed5d379b81c7c5f0c663fd4"},
  "unicode_util_compat": {:hex, :unicode_util_compat, "0.7.0", "bc84380c9ab48177092f43ac89e4dfa2c6d62b40b8bd132b1059ecc7232f9a78", [:rebar3], [], "hexpm", "25eee6d67df61960cf6a794239566599b09e17e668d3700247bc498638152521"},
  "vnu": {:hex, :vnu, "1.0.0", "cb74b213cbb3cbb847890c96928523a09588ad5602e5f48018c751ff6fcd90db", [:mix], [{:httpoison, "~> 1.0", [hex: :httpoison, repo: "hexpm", optional: false]}, {:jason, "~> 1.0", [hex: :jason, repo: "hexpm", optional: false]}], "hexpm", "92e44a375e3d5e76f4ff3950deb4f7e6aa39e4d8f2c928cbe8e0356a8f039fa3"},
}
